
Microsoft Visual Studio Solution File, Format Version 12.00
# Visual Studio Version 16
VisualStudioVersion = 16.0.28803.352
MinimumVisualStudioVersion = 10.0.40219.1
Project("{FAE04EC0-301F-11D3-BF4B-00C04F79EFBC}") = "MiniWebServer", "MiniWebServer\MiniWebServer.csproj", "{2308DF5B-CF21-485E-9B15-45B88D512E59}"
EndProject
Global
	GlobalSection(SolutionConfigurationPlatforms) = preSolution
		Debug|Any CPU = Debug|Any CPU
		Release|Any CPU = Release|Any CPU
	EndGlobalSection
	GlobalSection(ProjectConfigurationPlatforms) = postSolution
		{2308DF5B-CF21-485E-9B15-45B88D512E59}.Debug|Any CPU.ActiveCfg = Debug|Any CPU
		{2308DF5B-CF21-485E-9B15-45B88D512E59}.Debug|Any CPU.Build.0 = Debug|Any CPU
		{2308DF5B-CF21-485E-9B15-45B88D512E59}.Release|Any CPU.ActiveCfg = Release|Any CPU
		{2308DF5B-CF21-485E-9B15-45B88D512E59}.Release|Any CPU.Build.0 = Release|Any CPU
	EndGlobalSection
	GlobalSection(SolutionProperties) = preSolution
		HideSolutionNode = FALSE
	EndGlobalSection
	GlobalSection(ExtensibilityGlobals) = postSolution
		SolutionGuid = {E82ABE46-3CDB-4F0D-9F26-FCCCDADE0D85}
	EndGlobalSection
EndGlobal
